// !$*UTF8*$!
{
	archiveVersion = 1;
	classes = {
	};
	objectVersion = 46;
	objects = {

/* Begin PBXBuildFile section */
		0E2F720A1BEB29A10071059D /* main.m in Sources */ = {isa = PBXBuildFile; fileRef = 0E2F72091BEB29A10071059D /* main.m */; };
		0E2F720D1BEB29A10071059D /* AppDelegate.m in Sources */ = {isa = PBXBuildFile; fileRef = 0E2F720C1BEB29A10071059D /* AppDelegate.m */; };
		0E2F72101BEB29A10071059D /* ViewController.m in Sources */ = {isa = PBXBuildFile; fileRef = 0E2F720F1BEB29A10071059D /* ViewController.m */; };
		0E2F72131BEB29A10071059D /* Main.storyboard in Resources */ = {isa = PBXBuildFile; fileRef = 0E2F72111BEB29A10071059D /* Main.storyboard */; };
		0E2F72151BEB29A10071059D /* Assets.xcassets in Resources */ = {isa = PBXBuildFile; fileRef = 0E2F72141BEB29A10071059D /* Assets.xcassets */; };
		0E2F72181BEB29A10071059D /* LaunchScreen.storyboard in Resources */ = {isa = PBXBuildFile; fileRef = 0E2F72161BEB29A10071059D /* LaunchScreen.storyboard */; };
		0E2F72231BEB29A10071059D /* HelloAMap2Tests.m in Sources */ = {isa = PBXBuildFile; fileRef = 0E2F72221BEB29A10071059D /* HelloAMap2Tests.m */; };
		0E2F722E1BEB29A10071059D /* HelloAMap2UITests.m in Sources */ = {isa = PBXBuildFile; fileRef = 0E2F722D1BEB29A10071059D /* HelloAMap2UITests.m */; };
		0E2F723E1BEB37230071059D /* location_no@2x.png in Resources */ = {isa = PBXBuildFile; fileRef = 0E2F723C1BEB37230071059D /* location_no@2x.png */; };
		0E2F723F1BEB37230071059D /* location_yes@2x.png in Resources */ = {isa = PBXBuildFile; fileRef = 0E2F723D1BEB37230071059D /* location_yes@2x.png */; };
		0E2F72431BEB809E0071059D /* search@2x.png in Resources */ = {isa = PBXBuildFile; fileRef = 0E2F72421BEB809E0071059D /* search@2x.png */; };
		0E2F72501BEC87FB0071059D /* CustomCalloutView.m in Sources */ = {isa = PBXBuildFile; fileRef = 0E2F724F1BEC87FB0071059D /* CustomCalloutView.m */; };
		0E2F72531BEC8B560071059D /* CustomAnnotationView.m in Sources */ = {isa = PBXBuildFile; fileRef = 0E2F72521BEC8B560071059D /* CustomAnnotationView.m */; };
		0E2F72561BEC8C660071059D /* building.png in Resources */ = {isa = PBXBuildFile; fileRef = 0E2F72541BEC8C660071059D /* building.png */; };
		0E2F72571BEC8C660071059D /* restaurant.png in Resources */ = {isa = PBXBuildFile; fileRef = 0E2F72551BEC8C660071059D /* restaurant.png */; };
		0E7E42F91BEE1FDB00731277 /* path@2x.png in Resources */ = {isa = PBXBuildFile; fileRef = 0E7E42F81BEE1FDB00731277 /* path@2x.png */; };
		0E7E430F1BF0D24700731277 /* AudioToolbox.framework in Frameworks */ = {isa = PBXBuildFile; fileRef = 0E7E430E1BF0D24700731277 /* AudioToolbox.framework */; };
		0E7E43111BF0D24E00731277 /* AVFoundation.framework in Frameworks */ = {isa = PBXBuildFile; fileRef = 0E7E43101BF0D24E00731277 /* AVFoundation.framework */; };
		0E7E43131BF0D25500731277 /* AddressBook.framework in Frameworks */ = {isa = PBXBuildFile; fileRef = 0E7E43121BF0D25500731277 /* AddressBook.framework */; };
		0E7E43151BF0D26000731277 /* libz.tbd in Frameworks */ = {isa = PBXBuildFile; fileRef = 0E7E43141BF0D26000731277 /* libz.tbd */; };
		0E7E43171BF0D26D00731277 /* libstdc++.6.0.9.tbd in Frameworks */ = {isa = PBXBuildFile; fileRef = 0E7E43161BF0D26D00731277 /* libstdc++.6.0.9.tbd */; };
		4EB7A31866073B998F04C83A /* libPods.a in Frameworks */ = {isa = PBXBuildFile; fileRef = 99F71BB962E5B9AC756589B2 /* libPods.a */; };
/* End PBXBuildFile section */

/* Begin PBXContainerItemProxy section */
		0E2F721F1BEB29A10071059D /* PBXContainerItemProxy */ = {
			isa = PBXContainerItemProxy;
			containerPortal = 0E2F71FD1BEB29A10071059D /* Project object */;
			proxyType = 1;
			remoteGlobalIDString = 0E2F72041BEB29A10071059D;
			remoteInfo = HelloAMap2;
		};
		0E2F722A1BEB29A10071059D /* PBXContainerItemProxy */ = {
			isa = PBXContainerItemProxy;
			containerPortal = 0E2F71FD1BEB29A10071059D /* Project object */;
			proxyType = 1;
			remoteGlobalIDString = 0E2F72041BEB29A10071059D;
			remoteInfo = HelloAMap2;
		};
/* End PBXContainerItemProxy section */

/* Begin PBXFileReference section */
		0E2F72051BEB29A10071059D /* HelloAMap2.app */ = {isa = PBXFileReference; explicitFileType = wrapper.application; includeInIndex = 0; path = HelloAMap2.app; sourceTree = BUILT_PRODUCTS_DIR; };
		0E2F72091BEB29A10071059D /* main.m */ = {isa = PBXFileReference; lastKnownFileType = sourcecode.c.objc; path = main.m; sourceTree = "<group>"; };
		0E2F720B1BEB29A10071059D /* AppDelegate.h */ = {isa = PBXFileReference; lastKnownFileType = sourcecode.c.h; path = AppDelegate.h; sourceTree = "<group>"; };
		0E2F720C1BEB29A10071059D /* AppDelegate.m */ = {isa = PBXFileReference; lastKnownFileType = sourcecode.c.objc; path = AppDelegate.m; sourceTree = "<group>"; };
		0E2F720E1BEB29A10071059D /* ViewController.h */ = {isa = PBXFileReference; lastKnownFileType = sourcecode.c.h; path = ViewController.h; sourceTree = "<group>"; };
		0E2F720F1BEB29A10071059D /* ViewController.m */ = {isa = PBXFileReference; lastKnownFileType = sourcecode.c.objc; path = ViewController.m; sourceTree = "<group>"; };
		0E2F72121BEB29A10071059D /* Base */ = {isa = PBXFileReference; lastKnownFileType = file.storyboard; name = Base; path = Base.lproj/Main.storyboard; sourceTree = "<group>"; };
		0E2F72141BEB29A10071059D /* Assets.xcassets */ = {isa = PBXFileReference; lastKnownFileType = folder.assetcatalog; path = Assets.xcassets; sourceTree = "<group>"; };
		0E2F72171BEB29A10071059D /* Base */ = {isa = PBXFileReference; lastKnownFileType = file.storyboard; name = Base; path = Base.lproj/LaunchScreen.storyboard; sourceTree = "<group>"; };
		0E2F72191BEB29A10071059D /* Info.plist */ = {isa = PBXFileReference; lastKnownFileType = text.plist.xml; path = Info.plist; sourceTree = "<group>"; };
		0E2F721E1BEB29A10071059D /* HelloAMap2Tests.xctest */ = {isa = PBXFileReference; explicitFileType = wrapper.cfbundle; includeInIndex = 0; path = HelloAMap2Tests.xctest; sourceTree = BUILT_PRODUCTS_DIR; };
		0E2F72221BEB29A10071059D /* HelloAMap2Tests.m */ = {isa = PBXFileReference; lastKnownFileType = sourcecode.c.objc; path = HelloAMap2Tests.m; sourceTree = "<group>"; };
		0E2F72241BEB29A10071059D /* Info.plist */ = {isa = PBXFileReference; lastKnownFileType = text.plist.xml; path = Info.plist; sourceTree = "<group>"; };
		0E2F72291BEB29A10071059D /* HelloAMap2UITests.xctest */ = {isa = PBXFileReference; explicitFileType = wrapper.cfbundle; includeInIndex = 0; path = HelloAMap2UITests.xctest; sourceTree = BUILT_PRODUCTS_DIR; };
		0E2F722D1BEB29A10071059D /* HelloAMap2UITests.m */ = {isa = PBXFileReference; lastKnownFileType = sourcecode.c.objc; path = HelloAMap2UITests.m; sourceTree = "<group>"; };
		0E2F722F1BEB29A10071059D /* Info.plist */ = {isa = PBXFileReference; lastKnownFileType = text.plist.xml; path = Info.plist; sourceTree = "<group>"; };
		0E2F723C1BEB37230071059D /* location_no@2x.png */ = {isa = PBXFileReference; lastKnownFileType = image.png; path = "location_no@2x.png"; sourceTree = "<group>"; };
		0E2F723D1BEB37230071059D /* location_yes@2x.png */ = {isa = PBXFileReference; lastKnownFileType = image.png; path = "location_yes@2x.png"; sourceTree = "<group>"; };
		0E2F72421BEB809E0071059D /* search@2x.png */ = {isa = PBXFileReference; lastKnownFileType = image.png; path = "search@2x.png"; sourceTree = "<group>"; };
		0E2F724E1BEC87FB0071059D /* CustomCalloutView.h */ = {isa = PBXFileReference; fileEncoding = 4; lastKnownFileType = sourcecode.c.h; path = CustomCalloutView.h; sourceTree = "<group>"; };
		0E2F724F1BEC87FB0071059D /* CustomCalloutView.m */ = {isa = PBXFileReference; fileEncoding = 4; lastKnownFileType = sourcecode.c.objc; path = CustomCalloutView.m; sourceTree = "<group>"; };
		0E2F72511BEC8B560071059D /* CustomAnnotationView.h */ = {isa = PBXFileReference; fileEncoding = 4; lastKnownFileType = sourcecode.c.h; path = CustomAnnotationView.h; sourceTree = "<group>"; };
		0E2F72521BEC8B560071059D /* CustomAnnotationView.m */ = {isa = PBXFileReference; fileEncoding = 4; lastKnownFileType = sourcecode.c.objc; path = CustomAnnotationView.m; sourceTree = "<group>"; };
		0E2F72541BEC8C660071059D /* building.png */ = {isa = PBXFileReference; lastKnownFileType = image.png; path = building.png; sourceTree = "<group>"; };
		0E2F72551BEC8C660071059D /* restaurant.png */ = {isa = PBXFileReference; lastKnownFileType = image.png; path = restaurant.png; sourceTree = "<group>"; };
		0E7E42F81BEE1FDB00731277 /* path@2x.png */ = {isa = PBXFileReference; lastKnownFileType = image.png; path = "path@2x.png"; sourceTree = "<group>"; };
		0E7E430E1BF0D24700731277 /* AudioToolbox.framework */ = {isa = PBXFileReference; lastKnownFileType = wrapper.framework; name = AudioToolbox.framework; path = System/Library/Frameworks/AudioToolbox.framework; sourceTree = SDKROOT; };
		0E7E43101BF0D24E00731277 /* AVFoundation.framework */ = {isa = PBXFileReference; lastKnownFileType = wrapper.framework; name = AVFoundation.framework; path = System/Library/Frameworks/AVFoundation.framework; sourceTree = SDKROOT; };
		0E7E43121BF0D25500731277 /* AddressBook.framework */ = {isa = PBXFileReference; lastKnownFileType = wrapper.framework; name = AddressBook.framework; path = System/Library/Frameworks/AddressBook.framework; sourceTree = SDKROOT; };
		0E7E43141BF0D26000731277 /* libz.tbd */ = {isa = PBXFileReference; lastKnownFileType = "sourcecode.text-based-dylib-definition"; name = libz.tbd; path = usr/lib/libz.tbd; sourceTree = SDKROOT; };
		0E7E43161BF0D26D00731277 /* libstdc++.6.0.9.tbd */ = {isa = PBXFileReference; lastKnownFileType = "sourcecode.text-based-dylib-definition"; name = "libstdc++.6.0.9.tbd"; path = "usr/lib/libstdc++.6.0.9.tbd"; sourceTree = SDKROOT; };
		4198C1DC96B75B69C448E232 /* Pods.release.xcconfig */ = {isa = PBXFileReference; includeInIndex = 1; lastKnownFileType = text.xcconfig; name = Pods.release.xcconfig; path = "Pods/Target Support Files/Pods/Pods.release.xcconfig"; sourceTree = "<group>"; };
		572A470E81479A487CEAF505 /* Pods.debug.xcconfig */ = {isa = PBXFileReference; includeInIndex = 1; lastKnownFileType = text.xcconfig; name = Pods.debug.xcconfig; path = "Pods/Target Support Files/Pods/Pods.debug.xcconfig"; sourceTree = "<group>"; };
		99F71BB962E5B9AC756589B2 /* libPods.a */ = {isa = PBXFileReference; explicitFileType = archive.ar; includeInIndex = 0; path = libPods.a; sourceTree = BUILT_PRODUCTS_DIR; };
/* End PBXFileReference section */

/* Begin PBXFrameworksBuildPhase section */
		0E2F72021BEB29A10071059D /* Frameworks */ = {
			isa = PBXFrameworksBuildPhase;
			buildActionMask = 2147483647;
			files = (
				0E7E43171BF0D26D00731277 /* libstdc++.6.0.9.tbd in Frameworks */,
				0E7E43151BF0D26000731277 /* libz.tbd in Frameworks */,
				0E7E43131BF0D25500731277 /* AddressBook.framework in Frameworks */,
				0E7E43111BF0D24E00731277 /* AVFoundation.framework in Frameworks */,
				0E7E430F1BF0D24700731277 /* AudioToolbox.framework in Frameworks */,
				4EB7A31866073B998F04C83A /* libPods.a in Frameworks */,
			);
			runOnlyForDeploymentPostprocessing = 0;
		};
		0E2F721B1BEB29A10071059D /* Frameworks */ = {
			isa = PBXFrameworksBuildPhase;
			buildActionMask = 2147483647;
			files = (
			);
			runOnlyForDeploymentPostprocessing = 0;
		};
		0E2F72261BEB29A10071059D /* Frameworks */ = {
			isa = PBXFrameworksBuildPhase;
			buildActionMask = 2147483647;
			files = (
			);
			runOnlyForDeploymentPostprocessing = 0;
		};
/* End PBXFrameworksBuildPhase section */

/* Begin PBXGroup section */
		0E2F71FC1BEB29A10071059D = {
			isa = PBXGroup;
			children = (
				0E2F72071BEB29A10071059D /* HelloAMap2 */,
				0E2F72211BEB29A10071059D /* HelloAMap2Tests */,
				0E2F722C1BEB29A10071059D /* HelloAMap2UITests */,
				0E2F72061BEB29A10071059D /* Products */,
				32AB1BEE629C49B52F05A5E8 /* Pods */,
				497BBB8BA6DAEF33309B8F57 /* Frameworks */,
			);
			sourceTree = "<group>";
		};
		0E2F72061BEB29A10071059D /* Products */ = {
			isa = PBXGroup;
			children = (
				0E2F72051BEB29A10071059D /* HelloAMap2.app */,
				0E2F721E1BEB29A10071059D /* HelloAMap2Tests.xctest */,
				0E2F72291BEB29A10071059D /* HelloAMap2UITests.xctest */,
			);
			name = Products;
			sourceTree = "<group>";
		};
		0E2F72071BEB29A10071059D /* HelloAMap2 */ = {
			isa = PBXGroup;
			children = (
				0E2F723B1BEB37230071059D /* Resources */,
				0E2F720B1BEB29A10071059D /* AppDelegate.h */,
				0E2F720C1BEB29A10071059D /* AppDelegate.m */,
				0E2F720E1BEB29A10071059D /* ViewController.h */,
				0E2F720F1BEB29A10071059D /* ViewController.m */,
				0E2F724E1BEC87FB0071059D /* CustomCalloutView.h */,
				0E2F724F1BEC87FB0071059D /* CustomCalloutView.m */,
				0E2F72511BEC8B560071059D /* CustomAnnotationView.h */,
				0E2F72521BEC8B560071059D /* CustomAnnotationView.m */,
				0E2F72111BEB29A10071059D /* Main.storyboard */,
				0E2F72141BEB29A10071059D /* Assets.xcassets */,
				0E2F72161BEB29A10071059D /* LaunchScreen.storyboard */,
				0E2F72191BEB29A10071059D /* Info.plist */,
				0E2F72081BEB29A10071059D /* Supporting Files */,
			);
			path = HelloAMap2;
			sourceTree = "<group>";
		};
		0E2F72081BEB29A10071059D /* Supporting Files */ = {
			isa = PBXGroup;
			children = (
				0E2F72091BEB29A10071059D /* main.m */,
			);
			name = "Supporting Files";
			sourceTree = "<group>";
		};
		0E2F72211BEB29A10071059D /* HelloAMap2Tests */ = {
			isa = PBXGroup;
			children = (
				0E2F72221BEB29A10071059D /* HelloAMap2Tests.m */,
				0E2F72241BEB29A10071059D /* Info.plist */,
			);
			path = HelloAMap2Tests;
			sourceTree = "<group>";
		};
		0E2F722C1BEB29A10071059D /* HelloAMap2UITests */ = {
			isa = PBXGroup;
			children = (
				0E2F722D1BEB29A10071059D /* HelloAMap2UITests.m */,
				0E2F722F1BEB29A10071059D /* Info.plist */,
			);
			path = HelloAMap2UITests;
			sourceTree = "<group>";
		};
		0E2F723B1BEB37230071059D /* Resources */ = {
			isa = PBXGroup;
			children = (
				0E7E42F81BEE1FDB00731277 /* path@2x.png */,
				0E2F72541BEC8C660071059D /* building.png */,
				0E2F72551BEC8C660071059D /* restaurant.png */,
				0E2F72421BEB809E0071059D /* search@2x.png */,
				0E2F723C1BEB37230071059D /* location_no@2x.png */,
				0E2F723D1BEB37230071059D /* location_yes@2x.png */,
			);
			path = Resources;
			sourceTree = "<group>";
		};
		32AB1BEE629C49B52F05A5E8 /* Pods */ = {
			isa = PBXGroup;
			children = (
				572A470E81479A487CEAF505 /* Pods.debug.xcconfig */,
				4198C1DC96B75B69C448E232 /* Pods.release.xcconfig */,
			);
			name = Pods;
			sourceTree = "<group>";
		};
		497BBB8BA6DAEF33309B8F57 /* Frameworks */ = {
			isa = PBXGroup;
			children = (
				0E7E43161BF0D26D00731277 /* libstdc++.6.0.9.tbd */,
				0E7E43141BF0D26000731277 /* libz.tbd */,
				0E7E43121BF0D25500731277 /* AddressBook.framework */,
				0E7E43101BF0D24E00731277 /* AVFoundation.framework */,
				0E7E430E1BF0D24700731277 /* AudioToolbox.framework */,
				99F71BB962E5B9AC756589B2 /* libPods.a */,
			);
			name = Frameworks;
			sourceTree = "<group>";
		};
/* End PBXGroup section */

/* Begin PBXNativeTarget section */
		0E2F72041BEB29A10071059D /* HelloAMap2 */ = {
			isa = PBXNativeTarget;
			buildConfigurationList = 0E2F72321BEB29A10071059D /* Build configuration list for PBXNativeTarget "HelloAMap2" */;
			buildPhases = (
				2A4D6CDC466EFB8540059F5E /* Check Pods Manifest.lock */,
				0E2F72011BEB29A10071059D /* Sources */,
				0E2F72021BEB29A10071059D /* Frameworks */,
				0E2F72031BEB29A10071059D /* Resources */,
				7CEB6991A3A28421FFA78022 /* Embed Pods Frameworks */,
				D7EB73C4379C807038670E97 /* Copy Pods Resources */,
			);
			buildRules = (
			);
			dependencies = (
			);
			name = HelloAMap2;
			productName = HelloAMap2;
			productReference = 0E2F72051BEB29A10071059D /* HelloAMap2.app */;
			productType = "com.apple.product-type.application";
		};
		0E2F721D1BEB29A10071059D /* HelloAMap2Tests */ = {
			isa = PBXNativeTarget;
			buildConfigurationList = 0E2F72351BEB29A10071059D /* Build configuration list for PBXNativeTarget "HelloAMap2Tests" */;
			buildPhases = (
				0E2F721A1BEB29A10071059D /* Sources */,
				0E2F721B1BEB29A10071059D /* Frameworks */,
				0E2F721C1BEB29A10071059D /* Resources */,
			);
			buildRules = (
			);
			dependencies = (
				0E2F72201BEB29A10071059D /* PBXTargetDependency */,
			);
			name = HelloAMap2Tests;
			productName = HelloAMap2Tests;
			productReference = 0E2F721E1BEB29A10071059D /* HelloAMap2Tests.xctest */;
			productType = "com.apple.product-type.bundle.unit-test";
		};
		0E2F72281BEB29A10071059D /* HelloAMap2UITests */ = {
			isa = PBXNativeTarget;
			buildConfigurationList = 0E2F72381BEB29A10071059D /* Build configuration list for PBXNativeTarget "HelloAMap2UITests" */;
			buildPhases = (
				0E2F72251BEB29A10071059D /* Sources */,
				0E2F72261BEB29A10071059D /* Frameworks */,
				0E2F72271BEB29A10071059D /* Resources */,
			);
			buildRules = (
			);
			dependencies = (
				0E2F722B1BEB29A10071059D /* PBXTargetDependency */,
			);
			name = HelloAMap2UITests;
			productName = HelloAMap2UITests;
			productReference = 0E2F72291BEB29A10071059D /* HelloAMap2UITests.xctest */;
			productType = "com.apple.product-type.bundle.ui-testing";
		};
/* End PBXNativeTarget section */

/* Begin PBXProject section */
		0E2F71FD1BEB29A10071059D /* Project object */ = {
			isa = PBXProject;
			attributes = {
				LastUpgradeCheck = 0710;
				ORGANIZATIONNAME = Devin;
				TargetAttributes = {
					0E2F72041BEB29A10071059D = {
						CreatedOnToolsVersion = 7.1;
						SystemCapabilities = {
							com.apple.BackgroundModes = {
								enabled = 1;
							};
						};
					};
					0E2F721D1BEB29A10071059D = {
						CreatedOnToolsVersion = 7.1;
						TestTargetID = 0E2F72041BEB29A10071059D;
					};
					0E2F72281BEB29A10071059D = {
						CreatedOnToolsVersion = 7.1;
						TestTargetID = 0E2F72041BEB29A10071059D;
					};
				};
			};
			buildConfigurationList = 0E2F72001BEB29A10071059D /* Build configuration list for PBXProject "HelloAMap2" */;
			compatibilityVersion = "Xcode 3.2";
			developmentRegion = English;
			hasScannedForEncodings = 0;
			knownRegions = (
				en,
				Base,
			);
			mainGroup = 0E2F71FC1BEB29A10071059D;
			productRefGroup = 0E2F72061BEB29A10071059D /* Products */;
			projectDirPath = "";
			projectRoot = "";
			targets = (
				0E2F72041BEB29A10071059D /* HelloAMap2 */,
				0E2F721D1BEB29A10071059D /* HelloAMap2Tests */,
				0E2F72281BEB29A10071059D /* HelloAMap2UITests */,
			);
		};
/* End PBXProject section */

/* Begin PBXResourcesBuildPhase section */
		0E2F72031BEB29A10071059D /* Resources */ = {
			isa = PBXResourcesBuildPhase;
			buildActionMask = 2147483647;
			files = (
				0E2F72431BEB809E0071059D /* search@2x.png in Resources */,
				0E2F723E1BEB37230071059D /* location_no@2x.png in Resources */,
				0E2F72571BEC8C660071059D /* restaurant.png in Resources */,
				0E2F723F1BEB37230071059D /* location_yes@2x.png in Resources */,
				0E2F72561BEC8C660071059D /* building.png in Resources */,
				0E2F72181BEB29A10071059D /* LaunchScreen.storyboard in Resources */,
				0E2F72151BEB29A10071059D /* Assets.xcassets in Resources */,
				0E2F72131BEB29A10071059D /* Main.storyboard in Resources */,
				0E7E42F91BEE1FDB00731277 /* path@2x.png in Resources */,
			);
			runOnlyForDeploymentPostprocessing = 0;
		};
		0E2F721C1BEB29A10071059D /* Resources */ = {
			isa = PBXResourcesBuildPhase;
			buildActionMask = 2147483647;
			files = (
			);
			runOnlyForDeploymentPostprocessing = 0;
		};
		0E2F72271BEB29A10071059D /* Resources */ = {
			isa = PBXResourcesBuildPhase;
			buildActionMask = 2147483647;
			files = (
			);
			runOnlyForDeploymentPostprocessing = 0;
		};
/* End PBXResourcesBuildPhase section */

/* Begin PBXShellScriptBuildPhase section */
		2A4D6CDC466EFB8540059F5E /* Check Pods Manifest.lock */ = {
			isa = PBXShellScriptBuildPhase;
			buildActionMask = 2147483647;
			files = (
			);
			inputPaths = (
			);
			name = "Check Pods Manifest.lock";
			outputPaths = (
			);
			runOnlyForDeploymentPostprocessing = 0;
			shellPath = /bin/sh;
			shellScript = "diff \"${PODS_ROOT}/../Podfile.lock\" \"${PODS_ROOT}/Manifest.lock\" > /dev/null\nif [[ $? != 0 ]] ; then\n    cat << EOM\nerror: The sandbox is not in sync with the Podfile.lock. Run 'pod install' or update your CocoaPods installation.\nEOM\n    exit 1\nfi\n";
			showEnvVarsInLog = 0;
		};
		7CEB6991A3A28421FFA78022 /* Embed Pods Frameworks */ = {
			isa = PBXShellScriptBuildPhase;
			buildActionMask = 2147483647;
			files = (
			);
			inputPaths = (
			);
			name = "Embed Pods Frameworks";
			outputPaths = (
			);
			runOnlyForDeploymentPostprocessing = 0;
			shellPath = /bin/sh;
			shellScript = "\"${SRCROOT}/Pods/Target Support Files/Pods/Pods-frameworks.sh\"\n";
			showEnvVarsInLog = 0;
		};
		D7EB73C4379C807038670E97 /* Copy Pods Resources */ = {
			isa = PBXShellScriptBuildPhase;
			buildActionMask = 2147483647;
			files = (
			);
			inputPaths = (
			);
			name = "Copy Pods Resources";
			outputPaths = (
			);
			runOnlyForDeploymentPostprocessing = 0;
			shellPath = /bin/sh;
			shellScript = "\"${SRCROOT}/Pods/Target Support Files/Pods/Pods-resources.sh\"\n";
			showEnvVarsInLog = 0;
		};
/* End PBXShellScriptBuildPhase section */

/* Begin PBXSourcesBuildPhase section */
		0E2F72011BEB29A10071059D /* Sources */ = {
			isa = PBXSourcesBuildPhase;
			buildActionMask = 2147483647;
			files = (
				0E2F72501BEC87FB0071059D /* CustomCalloutView.m in Sources */,
				0E2F72101BEB29A10071059D /* ViewController.m in Sources */,
				0E2F72531BEC8B560071059D /* CustomAnnotationView.m in Sources */,
				0E2F720D1BEB29A10071059D /* AppDelegate.m in Sources */,
				0E2F720A1BEB29A10071059D /* main.m in Sources */,
			);
			runOnlyForDeploymentPostprocessing = 0;
		};
		0E2F721A1BEB29A10071059D /* Sources */ = {
			isa = PBXSourcesBuildPhase;
			buildActionMask = 2147483647;
			files = (
				0E2F72231BEB29A10071059D /* HelloAMap2Tests.m in Sources */,
			);
			runOnlyForDeploymentPostprocessing = 0;
		};
		0E2F72251BEB29A10071059D /* Sources */ = {
			isa = PBXSourcesBuildPhase;
			buildActionMask = 2147483647;
			files = (
				0E2F722E1BEB29A10071059D /* HelloAMap2UITests.m in Sources */,
			);
			runOnlyForDeploymentPostprocessing = 0;
		};
/* End PBXSourcesBuildPhase section */

/* Begin PBXTargetDependency section */
		0E2F72201BEB29A10071059D /* PBXTargetDependency */ = {
			isa = PBXTargetDependency;
			target = 0E2F72041BEB29A10071059D /* HelloAMap2 */;
			targetProxy = 0E2F721F1BEB29A10071059D /* PBXContainerItemProxy */;
		};
		0E2F722B1BEB29A10071059D /* PBXTargetDependency */ = {
			isa = PBXTargetDependency;
			target = 0E2F72041BEB29A10071059D /* HelloAMap2 */;
			targetProxy = 0E2F722A1BEB29A10071059D /* PBXContainerItemProxy */;
		};
/* End PBXTargetDependency section */

/* Begin PBXVariantGroup section */
		0E2F72111BEB29A10071059D /* Main.storyboard */ = {
			isa = PBXVariantGroup;
			children = (
				0E2F72121BEB29A10071059D /* Base */,
			);
			name = Main.storyboard;
			sourceTree = "<group>";
		};
		0E2F72161BEB29A10071059D /* LaunchScreen.storyboard */ = {
			isa = PBXVariantGroup;
			children = (
				0E2F72171BEB29A10071059D /* Base */,
			);
			name = LaunchScreen.storyboard;
			sourceTree = "<group>";
		};
/* End PBXVariantGroup section */

/* Begin XCBuildConfiguration section */
		0E2F72301BEB29A10071059D /* Debug */ = {
			isa = XCBuildConfiguration;
			buildSettings = {
				ALWAYS_SEARCH_USER_PATHS = NO;
				CLANG_CXX_LANGUAGE_STANDARD = "gnu++0x";
				CLANG_CXX_LIBRARY = "libc++";
				CLANG_ENABLE_MODULES = YES;
				CLANG_ENABLE_OBJC_ARC = YES;
				CLANG_WARN_BOOL_CONVERSION = YES;
				CLANG_WARN_CONSTANT_CONVERSION = YES;
				CLANG_WARN_DIRECT_OBJC_ISA_USAGE = YES_ERROR;
				CLANG_WARN_EMPTY_BODY = YES;
				CLANG_WARN_ENUM_CONVERSION = YES;
				CLANG_WARN_INT_CONVERSION = YES;
				CLANG_WARN_OBJC_ROOT_CLASS = YES_ERROR;
				CLANG_WARN_UNREACHABLE_CODE = YES;
				CLANG_WARN__DUPLICATE_METHOD_MATCH = YES;
				"CODE_SIGN_IDENTITY[sdk=iphoneos*]" = "iPhone Developer";
				COPY_PHASE_STRIP = NO;
				DEBUG_INFORMATION_FORMAT = dwarf;
				ENABLE_STRICT_OBJC_MSGSEND = YES;
				ENABLE_TESTABILITY = YES;
				GCC_C_LANGUAGE_STANDARD = gnu99;
				GCC_DYNAMIC_NO_PIC = NO;
				GCC_NO_COMMON_BLOCKS = YES;
				GCC_OPTIMIZATION_LEVEL = 0;
				GCC_PREPROCESSOR_DEFINITIONS = (
					"DEBUG=1",
					"$(inherited)",
				);
				GCC_WARN_64_TO_32_BIT_CONVERSION = YES;
				GCC_WARN_ABOUT_RETURN_TYPE = YES_ERROR;
				GCC_WARN_UNDECLARED_SELECTOR = YES;
				GCC_WARN_UNINITIALIZED_AUTOS = YES_AGGRESSIVE;
				GCC_WARN_UNUSED_FUNCTION = YES;
				GCC_WARN_UNUSED_VARIABLE = YES;
				IPHONEOS_DEPLOYMENT_TARGET = 9.1;
				MTL_ENABLE_DEBUG_INFO = YES;
				ONLY_ACTIVE_ARCH = YES;
				SDKROOT = iphoneos;
				TARGETED_DEVICE_FAMILY = "1,2";
			};
			name = Debug;
		};
		0E2F72311BEB29A10071059D /* Release */ = {
			isa = XCBuildConfiguration;
			buildSettings = {
				ALWAYS_SEARCH_USER_PATHS = NO;
				CLANG_CXX_LANGUAGE_STANDARD = "gnu++0x";
				CLANG_CXX_LIBRARY = "libc++";
				CLANG_ENABLE_MODULES = YES;
				CLANG_ENABLE_OBJC_ARC = YES;
				CLANG_WARN_BOOL_CONVERSION = YES;
				CLANG_WARN_CONSTANT_CONVERSION = YES;
				CLANG_WARN_DIRECT_OBJC_ISA_USAGE = YES_ERROR;
				CLANG_WARN_EMPTY_BODY = YES;
				CLANG_WARN_ENUM_CONVERSION = YES;
				CLANG_WARN_INT_CONVERSION = YES;
				CLANG_WARN_OBJC_ROOT_CLASS = YES_ERROR;
				CLANG_WARN_UNREACHABLE_CODE = YES;
				CLANG_WARN__DUPLICATE_METHOD_MATCH = YES;
				"CODE_SIGN_IDENTITY[sdk=iphoneos*]" = "iPhone Developer";
				COPY_PHASE_STRIP = NO;
				DEBUG_INFORMATION_FORMAT = "dwarf-with-dsym";
				ENABLE_NS_ASSERTIONS = NO;
				ENABLE_STRICT_OBJC_MSGSEND = YES;
				GCC_C_LANGUAGE_STANDARD = gnu99;
				GCC_NO_COMMON_BLOCKS = YES;
				GCC_WARN_64_TO_32_BIT_CONVERSION = YES;
				GCC_WARN_ABOUT_RETURN_TYPE = YES_ERROR;
				GCC_WARN_UNDECLARED_SELECTOR = YES;
				GCC_WARN_UNINITIALIZED_AUTOS = YES_AGGRESSIVE;
				GCC_WARN_UNUSED_FUNCTION = YES;
				GCC_WARN_UNUSED_VARIABLE = YES;
				IPHONEOS_DEPLOYMENT_TARGET = 9.1;
				MTL_ENABLE_DEBUG_INFO = NO;
				SDKROOT = iphoneos;
				TARGETED_DEVICE_FAMILY = "1,2";
				VALIDATE_PRODUCT = YES;
			};
			name = Release;
		};
		0E2F72331BEB29A10071059D /* Debug */ = {
			isa = XCBuildConfiguration;
			baseConfigurationReference = 572A470E81479A487CEAF505 /* Pods.debug.xcconfig */;
			buildSettings = {
				ASSETCATALOG_COMPILER_APPICON_NAME = AppIcon;
				ENABLE_BITCODE = NO;
				FRAMEWORK_SEARCH_PATHS = (
					"$(inherited)",
					"$(PROJECT_DIR)/Pods",
					"$(PROJECT_DIR)",
				);
				INFOPLIST_FILE = HelloAMap2/Info.plist;
				IPHONEOS_DEPLOYMENT_TARGET = 8.2;
				LD_RUNPATH_SEARCH_PATHS = "$(inherited) @executable_path/Frameworks";
				PRODUCT_BUNDLE_IDENTIFIER = com.Devin.www.HelloAMap2;
				PRODUCT_NAME = "$(TARGET_NAME)";
			};
			name = Debug;
		};
		0E2F72341BEB29A10071059D /* Release */ = {
			isa = XCBuildConfiguration;
			baseConfigurationReference = 4198C1DC96B75B69C448E232 /* Pods.release.xcconfig */;
			buildSettings = {
				ASSETCATALOG_COMPILER_APPICON_NAME = AppIcon;
				ENABLE_BITCODE = NO;
				FRAMEWORK_SEARCH_PATHS = (
					"$(inherited)",
					"$(PROJECT_DIR)/Pods",
					"$(PROJECT_DIR)",
				);
				INFOPLIST_FILE = HelloAMap2/Info.plist;
				IPHONEOS_DEPLOYMENT_TARGET = 8.2;
				LD_RUNPATH_SEARCH_PATHS = "$(inherited) @executable_path/Frameworks";
				PRODUCT_BUNDLE_IDENTIFIER = com.Devin.www.HelloAMap2;
				PRODUCT_NAME = "$(TARGET_NAME)";
			};
			name = Release;
		};
		0E2F72361BEB29A10071059D /* Debug */ = {
			isa = XCBuildConfiguration;
			buildSettings = {
				BUNDLE_LOADER = "$(TEST_HOST)";
				INFOPLIST_FILE = HelloAMap2Tests/Info.plist;
				LD_RUNPATH_SEARCH_PATHS = "$(inherited) @executable_path/Frameworks @loader_path/Frameworks";
				PRODUCT_BUNDLE_IDENTIFIER = com.Devin.www.HelloAMap2Tests;
				PRODUCT_NAME = "$(TARGET_NAME)";
				TEST_HOST = "$(BUILT_PRODUCTS_DIR)/HelloAMap2.app/HelloAMap2";
			};
			name = Debug;
		};
		0E2F72371BEB29A10071059D /* Release */ = {
			isa = XCBuildConfiguration;
			buildSettings = {
				BUNDLE_LOADER = "$(TEST_HOST)";
				INFOPLIST_FILE = HelloAMap2Tests/Info.plist;
				LD_RUNPATH_SEARCH_PATHS = "$(inherited) @executable_path/Frameworks @loader_path/Frameworks";
				PRODUCT_BUNDLE_IDENTIFIER = com.Devin.www.HelloAMap2Tests;
				PRODUCT_NAME = "$(TARGET_NAME)";
				TEST_HOST = "$(BUILT_PRODUCTS_DIR)/HelloAMap2.app/HelloAMap2";
			};
			name = Release;
		};
		0E2F72391BEB29A10071059D /* Debug */ = {
			isa = XCBuildConfiguration;
			buildSettings = {
				INFOPLIST_FILE = HelloAMap2UITests/Info.plist;
				LD_RUNPATH_SEARCH_PATHS = "$(inherited) @executable_path/Frameworks @loader_path/Frameworks";
				PRODUCT_BUNDLE_IDENTIFIER = com.Devin.www.HelloAMap2UITests;
				PRODUCT_NAME = "$(TARGET_NAME)";
				TEST_TARGET_NAME = HelloAMap2;
				USES_XCTRUNNER = YES;
			};
			name = Debug;
		};
		0E2F723A1BEB29A10071059D /* Release */ = {
			isa = XCBuildConfiguration;
			buildSettings = {
				INFOPLIST_FILE = HelloAMap2UITests/Info.plist;
				LD_RUNPATH_SEARCH_PATHS = "$(inherited) @executable_path/Frameworks @loader_path/Frameworks";
				PRODUCT_BUNDLE_IDENTIFIER = com.Devin.www.HelloAMap2UITests;
				PRODUCT_NAME = "$(TARGET_NAME)";
				TEST_TARGET_NAME = HelloAMap2;
				USES_XCTRUNNER = YES;
			};
			name = Release;
		};
/* End XCBuildConfiguration section */

/* Begin XCConfigurationList section */
		0E2F72001BEB29A10071059D /* Build configuration list for PBXProject "HelloAMap2" */ = {
			isa = XCConfigurationList;
			buildConfigurations = (
				0E2F72301BEB29A10071059D /* Debug */,
				0E2F72311BEB29A10071059D /* Release */,
			);
			defaultConfigurationIsVisible = 0;
			defaultConfigurationName = Release;
		};
		0E2F72321BEB29A10071059D /* Build configuration list for PBXNativeTarget "HelloAMap2" */ = {
			isa = XCConfigurationList;
			buildConfigurations = (
				0E2F72331BEB29A10071059D /* Debug */,
				0E2F72341BEB29A10071059D /* Release */,
			);
			defaultConfigurationIsVisible = 0;
			defaultConfigurationName = Release;
		};
		0E2F72351BEB29A10071059D /* Build configuration list for PBXNativeTarget "HelloAMap2Tests" */ = {
			isa = XCConfigurationList;
			buildConfigurations = (
				0E2F72361BEB29A10071059D /* Debug */,
				0E2F72371BEB29A10071059D /* Release */,
			);
			defaultConfigurationIsVisible = 0;
			defaultConfigurationName = Release;
		};
		0E2F72381BEB29A10071059D /* Build configuration list for PBXNativeTarget "HelloAMap2UITests" */ = {
			isa = XCConfigurationList;
			buildConfigurations = (
				0E2F72391BEB29A10071059D /* Debug */,
				0E2F723A1BEB29A10071059D /* Release */,
			);
			defaultConfigurationIsVisible = 0;
			defaultConfigurationName = Release;
		};
/* End XCConfigurationList section */
	};
	rootObject = 0E2F71FD1BEB29A10071059D /* Project object */;
}
